
Microsoft Visual Studio Solution File, Format Version 12.00
# Visual Studio Version 17
VisualStudioVersion = 17.14.36511.14 d17.14
MinimumVisualStudioVersion = 10.0.40219.1
Project("{FAE04EC0-301F-11D3-BF4B-00C04F79EFBC}") = "Picture Box", "Picture Box\Picture Box.csproj", "{D5AF632D-9BB4-487E-826D-FB695B65A249}"
EndProject
Global
	GlobalSection(SolutionConfigurationPlatforms) = preSolution
		Debug|Any CPU = Debug|Any CPU
		Release|Any CPU = Release|Any CPU
	EndGlobalSection
	GlobalSection(ProjectConfigurationPlatforms) = postSolution
		{D5AF632D-9BB4-487E-826D-FB695B65A249}.Debug|Any CPU.ActiveCfg = Debug|Any CPU
		{D5AF632D-9BB4-487E-826D-FB695B65A249}.Debug|Any CPU.Build.0 = Debug|Any CPU
		{D5AF632D-9BB4-487E-826D-FB695B65A249}.Release|Any CPU.ActiveCfg = Release|Any CPU
		{D5AF632D-9BB4-487E-826D-FB695B65A249}.Release|Any CPU.Build.0 = Release|Any CPU
	EndGlobalSection
	GlobalSection(SolutionProperties) = preSolution
		HideSolutionNode = FALSE
	EndGlobalSection
	GlobalSection(ExtensibilityGlobals) = postSolution
		SolutionGuid = {0C93F44F-F5CD-4F6D-8284-733C94EB250C}
	EndGlobalSection
EndGlobal
