
Microsoft Visual Studio Solution File, Format Version 12.00
# Visual Studio Version 17
VisualStudioVersion = 17.14.36511.14 d17.14
MinimumVisualStudioVersion = 10.0.40219.1
Project("{FAE04EC0-301F-11D3-BF4B-00C04F79EFBC}") = "Mouse Event", "Mouse Event\Mouse Event.csproj", "{054D97C9-5F4B-4A84-AD1C-FF4748D24336}"
EndProject
Global
	GlobalSection(SolutionConfigurationPlatforms) = preSolution
		Debug|Any CPU = Debug|Any CPU
		Release|Any CPU = Release|Any CPU
	EndGlobalSection
	GlobalSection(ProjectConfigurationPlatforms) = postSolution
		{054D97C9-5F4B-4A84-AD1C-FF4748D24336}.Debug|Any CPU.ActiveCfg = Debug|Any CPU
		{054D97C9-5F4B-4A84-AD1C-FF4748D24336}.Debug|Any CPU.Build.0 = Debug|Any CPU
		{054D97C9-5F4B-4A84-AD1C-FF4748D24336}.Release|Any CPU.ActiveCfg = Release|Any CPU
		{054D97C9-5F4B-4A84-AD1C-FF4748D24336}.Release|Any CPU.Build.0 = Release|Any CPU
	EndGlobalSection
	GlobalSection(SolutionProperties) = preSolution
		HideSolutionNode = FALSE
	EndGlobalSection
	GlobalSection(ExtensibilityGlobals) = postSolution
		SolutionGuid = {06E5DE41-61C5-481B-944B-7ECDDC0CFB91}
	EndGlobalSection
EndGlobal
