
Microsoft Visual Studio Solution File, Format Version 12.00
# Visual Studio Version 17
VisualStudioVersion = 17.14.36511.14 d17.14
MinimumVisualStudioVersion = 10.0.40219.1
Project("{FAE04EC0-301F-11D3-BF4B-00C04F79EFBC}") = "Tool Tips", "Tool Tips\Tool Tips.csproj", "{D70FD6CB-022C-4FC2-96BB-08ECC1C48BBE}"
EndProject
Global
	GlobalSection(SolutionConfigurationPlatforms) = preSolution
		Debug|Any CPU = Debug|Any CPU
		Release|Any CPU = Release|Any CPU
	EndGlobalSection
	GlobalSection(ProjectConfigurationPlatforms) = postSolution
		{D70FD6CB-022C-4FC2-96BB-08ECC1C48BBE}.Debug|Any CPU.ActiveCfg = Debug|Any CPU
		{D70FD6CB-022C-4FC2-96BB-08ECC1C48BBE}.Debug|Any CPU.Build.0 = Debug|Any CPU
		{D70FD6CB-022C-4FC2-96BB-08ECC1C48BBE}.Release|Any CPU.ActiveCfg = Release|Any CPU
		{D70FD6CB-022C-4FC2-96BB-08ECC1C48BBE}.Release|Any CPU.Build.0 = Release|Any CPU
	EndGlobalSection
	GlobalSection(SolutionProperties) = preSolution
		HideSolutionNode = FALSE
	EndGlobalSection
	GlobalSection(ExtensibilityGlobals) = postSolution
		SolutionGuid = {E86FB16E-8CAE-475E-9B0D-9CA27860CF66}
	EndGlobalSection
EndGlobal
